
Microsoft Visual Studio Solution File, Format Version 12.00
# Visual Studio Version 16
VisualStudioVersion = 16.0.30611.23
MinimumVisualStudioVersion = 10.0.40219.1
Project("{FAE04EC0-301F-11D3-BF4B-00C04F79EFBC}") = "AB120_03_HelloWorld", "AB120_03_HelloWorld.csproj", "{668C7EB7-66D2-4D64-BA0C-EAC8430AB336}"
EndProject
Global
	GlobalSection(SolutionConfigurationPlatforms) = preSolution
		Debug|Any CPU = Debug|Any CPU
		Release|Any CPU = Release|Any CPU
	EndGlobalSection
	GlobalSection(ProjectConfigurationPlatforms) = postSolution
		{668C7EB7-66D2-4D64-BA0C-EAC8430AB336}.Debug|Any CPU.ActiveCfg = Debug|Any CPU
		{668C7EB7-66D2-4D64-BA0C-EAC8430AB336}.Debug|Any CPU.Build.0 = Debug|Any CPU
		{668C7EB7-66D2-4D64-BA0C-EAC8430AB336}.Release|Any CPU.ActiveCfg = Release|Any CPU
		{668C7EB7-66D2-4D64-BA0C-EAC8430AB336}.Release|Any CPU.Build.0 = Release|Any CPU
	EndGlobalSection
	GlobalSection(SolutionProperties) = preSolution
		HideSolutionNode = FALSE
	EndGlobalSection
	GlobalSection(ExtensibilityGlobals) = postSolution
		SolutionGuid = {F1104DDE-976C-498C-98D7-CC5487369423}
	EndGlobalSection
EndGlobal
