
Microsoft Visual Studio Solution File, Format Version 12.00
# Visual Studio Version 16
VisualStudioVersion = 16.0.31005.135
MinimumVisualStudioVersion = 10.0.40219.1
Project("{FAE04EC0-301F-11D3-BF4B-00C04F79EFBC}") = "TestLb1", "TestLb1\TestLb1.csproj", "{71BE13D3-E239-4830-8D7E-A9CCD0E468C6}"
EndProject
Global
	GlobalSection(SolutionConfigurationPlatforms) = preSolution
		Debug|Any CPU = Debug|Any CPU
		Release|Any CPU = Release|Any CPU
	EndGlobalSection
	GlobalSection(ProjectConfigurationPlatforms) = postSolution
		{71BE13D3-E239-4830-8D7E-A9CCD0E468C6}.Debug|Any CPU.ActiveCfg = Debug|Any CPU
		{71BE13D3-E239-4830-8D7E-A9CCD0E468C6}.Debug|Any CPU.Build.0 = Debug|Any CPU
		{71BE13D3-E239-4830-8D7E-A9CCD0E468C6}.Release|Any CPU.ActiveCfg = Release|Any CPU
		{71BE13D3-E239-4830-8D7E-A9CCD0E468C6}.Release|Any CPU.Build.0 = Release|Any CPU
	EndGlobalSection
	GlobalSection(SolutionProperties) = preSolution
		HideSolutionNode = FALSE
	EndGlobalSection
	GlobalSection(ExtensibilityGlobals) = postSolution
		SolutionGuid = {2F4CD0BD-558B-495F-B785-31D0CD128F51}
	EndGlobalSection
EndGlobal
